
Microsoft Visual Studio Solution File, Format Version 12.00
# Visual Studio Version 16
VisualStudioVersion = 16.0.35130.168
MinimumVisualStudioVersion = 10.0.40219.1
Project("{FAE04EC0-301F-11D3-BF4B-00C04F79EFBC}") = "LambdaExpression", "LambdaExpression\LambdaExpression.csproj", "{5D58CEDD-57C9-46D4-BD4E-67FB08459E42}"
EndProject
Global
	GlobalSection(SolutionConfigurationPlatforms) = preSolution
		Debug|Any CPU = Debug|Any CPU
		Release|Any CPU = Release|Any CPU
	EndGlobalSection
	GlobalSection(ProjectConfigurationPlatforms) = postSolution
		{5D58CEDD-57C9-46D4-BD4E-67FB08459E42}.Debug|Any CPU.ActiveCfg = Debug|Any CPU
		{5D58CEDD-57C9-46D4-BD4E-67FB08459E42}.Debug|Any CPU.Build.0 = Debug|Any CPU
		{5D58CEDD-57C9-46D4-BD4E-67FB08459E42}.Release|Any CPU.ActiveCfg = Release|Any CPU
		{5D58CEDD-57C9-46D4-BD4E-67FB08459E42}.Release|Any CPU.Build.0 = Release|Any CPU
	EndGlobalSection
	GlobalSection(SolutionProperties) = preSolution
		HideSolutionNode = FALSE
	EndGlobalSection
	GlobalSection(ExtensibilityGlobals) = postSolution
		SolutionGuid = {8988445A-81D8-4355-BF23-0DFECF879928}
	EndGlobalSection
EndGlobal
